
Microsoft Visual Studio Solution File, Format Version 12.00
# Visual Studio 2013
VisualStudioVersion = 12.0.31101.0
MinimumVisualStudioVersion = 10.0.40219.1
Project("{8BC9CEB8-8B4A-11D0-8D11-00A0C91BC942}") = "FIEA Game", "FIEA Game\FIEA Game.vcxproj", "{B4209536-71E2-4341-835E-92CF781465CE}"
EndProject
Global
	GlobalSection(SolutionConfigurationPlatforms) = preSolution
		Debug|Win32 = Debug|Win32
		Release|Win32 = Release|Win32
	EndGlobalSection
	GlobalSection(ProjectConfigurationPlatforms) = postSolution
		{B4209536-71E2-4341-835E-92CF781465CE}.Debug|Win32.ActiveCfg = Debug|Win32
		{B4209536-71E2-4341-835E-92CF781465CE}.Debug|Win32.Build.0 = Debug|Win32
		{B4209536-71E2-4341-835E-92CF781465CE}.Release|Win32.ActiveCfg = Release|Win32
		{B4209536-71E2-4341-835E-92CF781465CE}.Release|Win32.Build.0 = Release|Win32
	EndGlobalSection
	GlobalSection(SolutionProperties) = preSolution
		HideSolutionNode = FALSE
	EndGlobalSection
EndGlobal
